{
  "name": "city-life",
  "lockfileVersion": 3,
  "requires": true,
  "packages": {
    "": {
      "dependencies": {
        "country-flag-icons": "^1.5.11"
      }
    },
    "node_modules/country-flag-icons": {
      "version": "1.5.11",
      "resolved": "https://registry.npmjs.org/country-flag-icons/-/country-flag-icons-1.5.11.tgz",
      "integrity": "sha512-B+mvFywunkRJs270k7kCBjhogvIA0uNn6GAXv6m2cPn3rrwqZzZVr2gBWcz+Cz7OGVWlcbERlYRIX0S6OGr8Bw=="
    }
  }
}
